{
  "name": "mevn",
  "version": "1.0.0",
  "lockfileVersion": 2,
  "requires": true,
  "packages": {
    "": {
      "name": "mevn",
      "version": "1.0.0",
      "license": "ISC",
      "dependencies": {
        "fxjs": "^0.21.3"
      }
    },
    "node_modules/@babel/runtime-corejs3": {
      "version": "7.20.6",
      "resolved": "https://registry.npmjs.org/@babel/runtime-corejs3/-/runtime-corejs3-7.20.6.tgz",
      "integrity": "sha512-tqeujPiuEfcH067mx+7otTQWROVMKHXEaOQcAeNV5dDdbPWvPcFA8/W9LXw2NfjNmOetqLl03dfnG2WALPlsRQ==",
      "dependencies": {
        "core-js-pure": "^3.25.1",
        "regenerator-runtime": "^0.13.11"
      },
      "engines": {
        "node": ">=6.9.0"
      }
    },
    "node_modules/core-js-pure": {
      "version": "3.26.1",
      "resolved": "https://registry.npmjs.org/core-js-pure/-/core-js-pure-3.26.1.tgz",
      "integrity": "sha512-VVXcDpp/xJ21KdULRq/lXdLzQAtX7+37LzpyfFM973il0tWSsDEoyzG38G14AjTpK9VTfiNM9jnFauq/CpaWGQ==",
      "hasInstallScript": true,
      "funding": {
        "type": "opencollective",
        "url": "https://opencollective.com/core-js"
      }
    },
    "node_modules/fxjs": {
      "version": "0.21.3",
      "resolved": "https://registry.npmjs.org/fxjs/-/fxjs-0.21.3.tgz",
      "integrity": "sha512-8VubsQoPEm2bA+Q80Bh12cTWCnGpIi1T6e6Ot61ZfqbB3yoickB+//HJDpq+okdmu9gNQmnN7VpfRaT/aBdwXA==",
      "dependencies": {
        "@babel/runtime-corejs3": "^7.14.5"
      }
    },
    "node_modules/regenerator-runtime": {
      "version": "0.13.11",
      "resolved": "https://registry.npmjs.org/regenerator-runtime/-/regenerator-runtime-0.13.11.tgz",
      "integrity": "sha512-kY1AZVr2Ra+t+piVaJ4gxaFaReZVH40AKNo7UCX6W+dEwBo/2oZJzqfuN1qLq1oL45o56cPaTXELwrTh8Fpggg=="
    }
  },
  "dependencies": {
    "@babel/runtime-corejs3": {
      "version": "7.20.6",
      "resolved": "https://registry.npmjs.org/@babel/runtime-corejs3/-/runtime-corejs3-7.20.6.tgz",
      "integrity": "sha512-tqeujPiuEfcH067mx+7otTQWROVMKHXEaOQcAeNV5dDdbPWvPcFA8/W9LXw2NfjNmOetqLl03dfnG2WALPlsRQ==",
      "requires": {
        "core-js-pure": "^3.25.1",
        "regenerator-runtime": "^0.13.11"
      }
    },
    "core-js-pure": {
      "version": "3.26.1",
      "resolved": "https://registry.npmjs.org/core-js-pure/-/core-js-pure-3.26.1.tgz",
      "integrity": "sha512-VVXcDpp/xJ21KdULRq/lXdLzQAtX7+37LzpyfFM973il0tWSsDEoyzG38G14AjTpK9VTfiNM9jnFauq/CpaWGQ=="
    },
    "fxjs": {
      "version": "0.21.3",
      "resolved": "https://registry.npmjs.org/fxjs/-/fxjs-0.21.3.tgz",
      "integrity": "sha512-8VubsQoPEm2bA+Q80Bh12cTWCnGpIi1T6e6Ot61ZfqbB3yoickB+//HJDpq+okdmu9gNQmnN7VpfRaT/aBdwXA==",
      "requires": {
        "@babel/runtime-corejs3": "^7.14.5"
      }
    },
    "regenerator-runtime": {
      "version": "0.13.11",
      "resolved": "https://registry.npmjs.org/regenerator-runtime/-/regenerator-runtime-0.13.11.tgz",
      "integrity": "sha512-kY1AZVr2Ra+t+piVaJ4gxaFaReZVH40AKNo7UCX6W+dEwBo/2oZJzqfuN1qLq1oL45o56cPaTXELwrTh8Fpggg=="
    }
  }
}
